
Microsoft Visual Studio Solution File, Format Version 12.00
# Visual Studio Version 17
VisualStudioVersion = 17.4.33213.308
MinimumVisualStudioVersion = 10.0.40219.1
Project("{2150E333-8FDC-42A3-9474-1A3956D46DE8}") = "src", "src", "{26A35F8B-3620-4F7C-AED7-EE3DF37172B7}"
EndProject
Project("{2150E333-8FDC-42A3-9474-1A3956D46DE8}") = "tests", "tests", "{B575531D-1FB3-4E01-A2D0-AB883690E28B}"
EndProject
Project("{9A19103F-16F7-4668-BE54-9A1E7A4F7556}") = "Bank.Account.API", "src\API\Bank.Account.API.csproj", "{1686470E-FDD7-421F-9EFA-F0B59D72A16F}"
EndProject
Project("{9A19103F-16F7-4668-BE54-9A1E7A4F7556}") = "BankAccount.AcceptanceTests", "AcceptanceTests\BankAccount.AcceptanceTests.csproj", "{EA34E5E4-E048-49C7-8851-A64DBDCDA221}"
EndProject
Project("{9A19103F-16F7-4668-BE54-9A1E7A4F7556}") = "BankAccount.ApplicationServices", "src\BankAccount.ApplicationServices\BankAccount.ApplicationServices.csproj", "{4DFAA19F-A1C2-4186-A245-0711AF9D858D}"
EndProject
Project("{9A19103F-16F7-4668-BE54-9A1E7A4F7556}") = "BankAccount.ApplicationServices.Tests", "src\BankAccount.ApplicationServices.Tests\BankAccount.ApplicationServices.Tests.csproj", "{93B630A9-B9B6-4CA0-8E84-38030D09DF91}"
EndProject
Project("{9A19103F-16F7-4668-BE54-9A1E7A4F7556}") = "BankAccount.Domain.UnitTests", "src\BankAccount.Domain.UnitTests\BankAccount.Domain.UnitTests.csproj", "{E0E79794-136A-4A96-8372-D7BEE358902B}"
EndProject
Project("{9A19103F-16F7-4668-BE54-9A1E7A4F7556}") = "BankAccount.Domain", "BankAccount.Domain\BankAccount.Domain.csproj", "{689534A2-5ED2-4B9A-8B7E-CFFD5BDDD397}"
EndProject
Project("{2150E333-8FDC-42A3-9474-1A3956D46DE8}") = "Account", "Account", "{EACB12AA-1244-4994-BC42-0930B20C561E}"
EndProject
Project("{2150E333-8FDC-42A3-9474-1A3956D46DE8}") = "ApplicationServices", "ApplicationServices", "{817571F7-F2D1-46E4-A59E-B4F175361A29}"
EndProject
Project("{2150E333-8FDC-42A3-9474-1A3956D46DE8}") = "Domain", "Domain", "{DBCA3534-EEED-45F9-8297-4D9F99595828}"
EndProject
Project("{2150E333-8FDC-42A3-9474-1A3956D46DE8}") = "Reporting", "Reporting", "{B62596E6-74B3-45D5-90FE-D6733088EA57}"
EndProject
Project("{9A19103F-16F7-4668-BE54-9A1E7A4F7556}") = "BankAccount.Domain.Services", "BankAccount.Domain.Services\BankAccount.Domain.Services.csproj", "{4D46F823-8964-4363-B87D-0B1ECBCF8C24}"
EndProject
Project("{FAE04EC0-301F-11D3-BF4B-00C04F79EFBC}") = "BankAccount.ApplicationServices.Query", "BankAccount.ApplicationServices.Query\BankAccount.ApplicationServices.Query.csproj", "{687972D8-0E78-4CEA-AC41-0D18E6997259}"
EndProject
Project("{FAE04EC0-301F-11D3-BF4B-00C04F79EFBC}") = "BankAccount.ApplicationServices.Query.Tests", "BankAccount.ApplicationServices.Query.Tests\BankAccount.ApplicationServices.Query.Tests.csproj", "{406D8948-2270-4F22-9FDD-AB0A37CE1E93}"
EndProject
Project("{2150E333-8FDC-42A3-9474-1A3956D46DE8}") = "Infrastructure", "Infrastructure", "{C1E13094-EA97-462A-A247-ED03D3605D5D}"
EndProject
Project("{FAE04EC0-301F-11D3-BF4B-00C04F79EFBC}") = "BankAccount.Infrastructure", "BankAccount.Infrastructure\BankAccount.Infrastructure.csproj", "{95CA7444-6F4B-473E-92AF-E671274024BF}"
EndProject
Global
	GlobalSection(SolutionConfigurationPlatforms) = preSolution
		Debug|Any CPU = Debug|Any CPU
		Release|Any CPU = Release|Any CPU
	EndGlobalSection
	GlobalSection(ProjectConfigurationPlatforms) = postSolution
		{1686470E-FDD7-421F-9EFA-F0B59D72A16F}.Debug|Any CPU.ActiveCfg = Debug|Any CPU
		{1686470E-FDD7-421F-9EFA-F0B59D72A16F}.Debug|Any CPU.Build.0 = Debug|Any CPU
		{1686470E-FDD7-421F-9EFA-F0B59D72A16F}.Release|Any CPU.ActiveCfg = Release|Any CPU
		{1686470E-FDD7-421F-9EFA-F0B59D72A16F}.Release|Any CPU.Build.0 = Release|Any CPU
		{EA34E5E4-E048-49C7-8851-A64DBDCDA221}.Debug|Any CPU.ActiveCfg = Debug|Any CPU
		{EA34E5E4-E048-49C7-8851-A64DBDCDA221}.Debug|Any CPU.Build.0 = Debug|Any CPU
		{EA34E5E4-E048-49C7-8851-A64DBDCDA221}.Release|Any CPU.ActiveCfg = Release|Any CPU
		{EA34E5E4-E048-49C7-8851-A64DBDCDA221}.Release|Any CPU.Build.0 = Release|Any CPU
		{4DFAA19F-A1C2-4186-A245-0711AF9D858D}.Debug|Any CPU.ActiveCfg = Debug|Any CPU
		{4DFAA19F-A1C2-4186-A245-0711AF9D858D}.Debug|Any CPU.Build.0 = Debug|Any CPU
		{4DFAA19F-A1C2-4186-A245-0711AF9D858D}.Release|Any CPU.ActiveCfg = Release|Any CPU
		{4DFAA19F-A1C2-4186-A245-0711AF9D858D}.Release|Any CPU.Build.0 = Release|Any CPU
		{93B630A9-B9B6-4CA0-8E84-38030D09DF91}.Debug|Any CPU.ActiveCfg = Debug|Any CPU
		{93B630A9-B9B6-4CA0-8E84-38030D09DF91}.Debug|Any CPU.Build.0 = Debug|Any CPU
		{93B630A9-B9B6-4CA0-8E84-38030D09DF91}.Release|Any CPU.ActiveCfg = Release|Any CPU
		{93B630A9-B9B6-4CA0-8E84-38030D09DF91}.Release|Any CPU.Build.0 = Release|Any CPU
		{E0E79794-136A-4A96-8372-D7BEE358902B}.Debug|Any CPU.ActiveCfg = Debug|Any CPU
		{E0E79794-136A-4A96-8372-D7BEE358902B}.Debug|Any CPU.Build.0 = Debug|Any CPU
		{E0E79794-136A-4A96-8372-D7BEE358902B}.Release|Any CPU.ActiveCfg = Release|Any CPU
		{E0E79794-136A-4A96-8372-D7BEE358902B}.Release|Any CPU.Build.0 = Release|Any CPU
		{689534A2-5ED2-4B9A-8B7E-CFFD5BDDD397}.Debug|Any CPU.ActiveCfg = Debug|Any CPU
		{689534A2-5ED2-4B9A-8B7E-CFFD5BDDD397}.Debug|Any CPU.Build.0 = Debug|Any CPU
		{689534A2-5ED2-4B9A-8B7E-CFFD5BDDD397}.Release|Any CPU.ActiveCfg = Release|Any CPU
		{689534A2-5ED2-4B9A-8B7E-CFFD5BDDD397}.Release|Any CPU.Build.0 = Release|Any CPU
		{4D46F823-8964-4363-B87D-0B1ECBCF8C24}.Debug|Any CPU.ActiveCfg = Debug|Any CPU
		{4D46F823-8964-4363-B87D-0B1ECBCF8C24}.Debug|Any CPU.Build.0 = Debug|Any CPU
		{4D46F823-8964-4363-B87D-0B1ECBCF8C24}.Release|Any CPU.ActiveCfg = Release|Any CPU
		{4D46F823-8964-4363-B87D-0B1ECBCF8C24}.Release|Any CPU.Build.0 = Release|Any CPU
		{687972D8-0E78-4CEA-AC41-0D18E6997259}.Debug|Any CPU.ActiveCfg = Debug|Any CPU
		{687972D8-0E78-4CEA-AC41-0D18E6997259}.Debug|Any CPU.Build.0 = Debug|Any CPU
		{687972D8-0E78-4CEA-AC41-0D18E6997259}.Release|Any CPU.ActiveCfg = Release|Any CPU
		{687972D8-0E78-4CEA-AC41-0D18E6997259}.Release|Any CPU.Build.0 = Release|Any CPU
		{406D8948-2270-4F22-9FDD-AB0A37CE1E93}.Debug|Any CPU.ActiveCfg = Debug|Any CPU
		{406D8948-2270-4F22-9FDD-AB0A37CE1E93}.Debug|Any CPU.Build.0 = Debug|Any CPU
		{406D8948-2270-4F22-9FDD-AB0A37CE1E93}.Release|Any CPU.ActiveCfg = Release|Any CPU
		{406D8948-2270-4F22-9FDD-AB0A37CE1E93}.Release|Any CPU.Build.0 = Release|Any CPU
		{95CA7444-6F4B-473E-92AF-E671274024BF}.Debug|Any CPU.ActiveCfg = Debug|Any CPU
		{95CA7444-6F4B-473E-92AF-E671274024BF}.Debug|Any CPU.Build.0 = Debug|Any CPU
		{95CA7444-6F4B-473E-92AF-E671274024BF}.Release|Any CPU.ActiveCfg = Release|Any CPU
		{95CA7444-6F4B-473E-92AF-E671274024BF}.Release|Any CPU.Build.0 = Release|Any CPU
	EndGlobalSection
	GlobalSection(SolutionProperties) = preSolution
		HideSolutionNode = FALSE
	EndGlobalSection
	GlobalSection(NestedProjects) = preSolution
		{1686470E-FDD7-421F-9EFA-F0B59D72A16F} = {26A35F8B-3620-4F7C-AED7-EE3DF37172B7}
		{EA34E5E4-E048-49C7-8851-A64DBDCDA221} = {B575531D-1FB3-4E01-A2D0-AB883690E28B}
		{4DFAA19F-A1C2-4186-A245-0711AF9D858D} = {817571F7-F2D1-46E4-A59E-B4F175361A29}
		{93B630A9-B9B6-4CA0-8E84-38030D09DF91} = {817571F7-F2D1-46E4-A59E-B4F175361A29}
		{E0E79794-136A-4A96-8372-D7BEE358902B} = {DBCA3534-EEED-45F9-8297-4D9F99595828}
		{689534A2-5ED2-4B9A-8B7E-CFFD5BDDD397} = {DBCA3534-EEED-45F9-8297-4D9F99595828}
		{EACB12AA-1244-4994-BC42-0930B20C561E} = {26A35F8B-3620-4F7C-AED7-EE3DF37172B7}
		{817571F7-F2D1-46E4-A59E-B4F175361A29} = {EACB12AA-1244-4994-BC42-0930B20C561E}
		{DBCA3534-EEED-45F9-8297-4D9F99595828} = {EACB12AA-1244-4994-BC42-0930B20C561E}
		{B62596E6-74B3-45D5-90FE-D6733088EA57} = {26A35F8B-3620-4F7C-AED7-EE3DF37172B7}
		{4D46F823-8964-4363-B87D-0B1ECBCF8C24} = {DBCA3534-EEED-45F9-8297-4D9F99595828}
		{687972D8-0E78-4CEA-AC41-0D18E6997259} = {B62596E6-74B3-45D5-90FE-D6733088EA57}
		{406D8948-2270-4F22-9FDD-AB0A37CE1E93} = {B62596E6-74B3-45D5-90FE-D6733088EA57}
		{C1E13094-EA97-462A-A247-ED03D3605D5D} = {26A35F8B-3620-4F7C-AED7-EE3DF37172B7}
		{95CA7444-6F4B-473E-92AF-E671274024BF} = {C1E13094-EA97-462A-A247-ED03D3605D5D}
	EndGlobalSection
	GlobalSection(ExtensibilityGlobals) = postSolution
		SolutionGuid = {55A343D8-2356-4679-B366-9AA716570392}
	EndGlobalSection
EndGlobal
