
Microsoft Visual Studio Solution File, Format Version 12.00
# Visual Studio Version 17
VisualStudioVersion = 17.4.33213.308
MinimumVisualStudioVersion = 10.0.40219.1
Project("{2150E333-8FDC-42A3-9474-1A3956D46DE8}") = "src", "src", "{26A35F8B-3620-4F7C-AED7-EE3DF37172B7}"
EndProject
Project("{2150E333-8FDC-42A3-9474-1A3956D46DE8}") = "tests", "tests", "{B575531D-1FB3-4E01-A2D0-AB883690E28B}"
EndProject
Project("{9A19103F-16F7-4668-BE54-9A1E7A4F7556}") = "BankAccount.AcceptanceTests", "AcceptanceTests\BankAccount.AcceptanceTests.csproj", "{EA34E5E4-E048-49C7-8851-A64DBDCDA221}"
EndProject
Project("{2150E333-8FDC-42A3-9474-1A3956D46DE8}") = "Account", "Account", "{EACB12AA-1244-4994-BC42-0930B20C561E}"
EndProject
Project("{2150E333-8FDC-42A3-9474-1A3956D46DE8}") = "ApplicationServices", "ApplicationServices", "{817571F7-F2D1-46E4-A59E-B4F175361A29}"
EndProject
Project("{2150E333-8FDC-42A3-9474-1A3956D46DE8}") = "Domain", "Domain", "{DBCA3534-EEED-45F9-8297-4D9F99595828}"
EndProject
Project("{2150E333-8FDC-42A3-9474-1A3956D46DE8}") = "Reporting", "Reporting", "{B62596E6-74B3-45D5-90FE-D6733088EA57}"
EndProject
Project("{2150E333-8FDC-42A3-9474-1A3956D46DE8}") = "Infrastructure", "Infrastructure", "{C1E13094-EA97-462A-A247-ED03D3605D5D}"
EndProject
Project("{9A19103F-16F7-4668-BE54-9A1E7A4F7556}") = "BankAccount.ApplicationServices", "src\Account\ApplicationServices\ApplicationServices\BankAccount.ApplicationServices.csproj", "{EB444917-CA7B-4116-A941-F4820DA1842E}"
EndProject
Project("{9A19103F-16F7-4668-BE54-9A1E7A4F7556}") = "BankAccount.Domain", "src\Account\Domain\Domain\BankAccount.Domain.csproj", "{E9FEE041-5318-4C3B-BAE7-36AB4F0A11ED}"
EndProject
Project("{9A19103F-16F7-4668-BE54-9A1E7A4F7556}") = "BankAccount.Domain.Services", "src\Account\Domain\Domain.Services\BankAccount.Domain.Services.csproj", "{39BCDA55-9740-4176-9D69-3321F8878405}"
EndProject
Project("{9A19103F-16F7-4668-BE54-9A1E7A4F7556}") = "BankAccount.Domain.UnitTests", "src\Account\Domain\UnitTests\BankAccount.Domain.UnitTests.csproj", "{7B49ABDB-BF47-442E-8BA3-A80D245E1E8A}"
EndProject
Project("{9A19103F-16F7-4668-BE54-9A1E7A4F7556}") = "BankAccount.Infrastructure", "src\Infrastructure\BankAccount.Infrastructure.csproj", "{7C94AB31-F90E-4177-B60C-FBB15629038E}"
EndProject
Project("{9A19103F-16F7-4668-BE54-9A1E7A4F7556}") = "BankAccount.ApplicationServices.Query", "src\Reporting\Query\BankAccount.ApplicationServices.Query.csproj", "{EA6DA612-856B-40E8-862C-6ABE9EB50F05}"
EndProject
Project("{9A19103F-16F7-4668-BE54-9A1E7A4F7556}") = "Bank.Account.API", "src\API\Bank.Account.API.csproj", "{732E6B3F-764D-4350-A78E-78B05860E514}"
EndProject
Project("{2150E333-8FDC-42A3-9474-1A3956D46DE8}") = "Libraries", "Libraries", "{F494E3AA-D551-4DC1-AD2B-D8152FD7248F}"
EndProject
Project("{2150E333-8FDC-42A3-9474-1A3956D46DE8}") = "BankFees", "BankFees", "{CCE53ED0-F331-4224-8FF8-3A7843A96508}"
EndProject
Project("{9A19103F-16F7-4668-BE54-9A1E7A4F7556}") = "BankAccount.BankFees", "src\Fees\BankAccount.BankFees\BankAccount.BankFees.csproj", "{5C68DE5E-9CF7-4C3E-A574-401F9C75D0EF}"
EndProject
Project("{9A19103F-16F7-4668-BE54-9A1E7A4F7556}") = "Bank.Account.Domain.Contracts", "src\Account\Domain\Contracts\Bank.Account.Domain.Contracts.csproj", "{FF033336-933E-46EF-8DF4-EE2A413FAFAC}"
EndProject
Project("{9A19103F-16F7-4668-BE54-9A1E7A4F7556}") = "Zero.Dispatcher", "libraries\Zero.Dispatcher\Zero.Dispatcher.csproj", "{9AAECF11-DF01-4347-AF85-A6C1A4B3FB81}"
EndProject
Project("{9A19103F-16F7-4668-BE54-9A1E7A4F7556}") = "Zero.Dispatcher.Tests", "libraries\Zero.Dispatcher.Tests\Zero.Dispatcher.Tests.csproj", "{63C7CA45-C7DF-4C2A-92E2-2BF153D8AAB3}"
EndProject
Project("{9A19103F-16F7-4668-BE54-9A1E7A4F7556}") = "Zero.Domain", "libraries\Zero.Domain\Zero.Domain.csproj", "{CB439696-CDA6-4D1D-83CE-75418CB147F8}"
EndProject
Project("{9A19103F-16F7-4668-BE54-9A1E7A4F7556}") = "Zero.Domain.Tests", "libraries\Zero.Domain.Tests\Zero.Domain.Tests.csproj", "{3780839E-64DF-4486-9D64-A5E8C56C68EA}"
EndProject
Project("{2150E333-8FDC-42A3-9474-1A3956D46DE8}") = "Bootstrapper", "Bootstrapper", "{44BED141-79D1-4E87-9383-05188378AA04}"
EndProject
Project("{9A19103F-16F7-4668-BE54-9A1E7A4F7556}") = "BankAccounting.Account.Bootstrapper", "src\Account\Bootstrapper\BankAccounting.Account.Bootstrapper.csproj", "{7634BAB7-EB84-475D-B3D9-3D6257D3E846}"
EndProject
Project("{9A19103F-16F7-4668-BE54-9A1E7A4F7556}") = "BankAccount.BankFees.Bootstrapper", "src\Fees\BankAccount.BankFees.Bootstrapper\BankAccount.BankFees.Bootstrapper.csproj", "{70FEFDDD-6641-4886-B6E3-9B8E4F839614}"
EndProject
Project("{FAE04EC0-301F-11D3-BF4B-00C04F79EFBC}") = "Zero.DataBase", "libraries\Zero.DataBase\Zero.DataBase.csproj", "{971B3E99-F0EC-4A14-B460-2FEC19228EB3}"
EndProject
Global
	GlobalSection(SolutionConfigurationPlatforms) = preSolution
		Debug|Any CPU = Debug|Any CPU
		Release|Any CPU = Release|Any CPU
	EndGlobalSection
	GlobalSection(ProjectConfigurationPlatforms) = postSolution
		{EA34E5E4-E048-49C7-8851-A64DBDCDA221}.Debug|Any CPU.ActiveCfg = Debug|Any CPU
		{EA34E5E4-E048-49C7-8851-A64DBDCDA221}.Debug|Any CPU.Build.0 = Debug|Any CPU
		{EA34E5E4-E048-49C7-8851-A64DBDCDA221}.Release|Any CPU.ActiveCfg = Release|Any CPU
		{EA34E5E4-E048-49C7-8851-A64DBDCDA221}.Release|Any CPU.Build.0 = Release|Any CPU
		{EB444917-CA7B-4116-A941-F4820DA1842E}.Debug|Any CPU.ActiveCfg = Debug|Any CPU
		{EB444917-CA7B-4116-A941-F4820DA1842E}.Debug|Any CPU.Build.0 = Debug|Any CPU
		{EB444917-CA7B-4116-A941-F4820DA1842E}.Release|Any CPU.ActiveCfg = Release|Any CPU
		{EB444917-CA7B-4116-A941-F4820DA1842E}.Release|Any CPU.Build.0 = Release|Any CPU
		{E9FEE041-5318-4C3B-BAE7-36AB4F0A11ED}.Debug|Any CPU.ActiveCfg = Debug|Any CPU
		{E9FEE041-5318-4C3B-BAE7-36AB4F0A11ED}.Debug|Any CPU.Build.0 = Debug|Any CPU
		{E9FEE041-5318-4C3B-BAE7-36AB4F0A11ED}.Release|Any CPU.ActiveCfg = Release|Any CPU
		{E9FEE041-5318-4C3B-BAE7-36AB4F0A11ED}.Release|Any CPU.Build.0 = Release|Any CPU
		{39BCDA55-9740-4176-9D69-3321F8878405}.Debug|Any CPU.ActiveCfg = Debug|Any CPU
		{39BCDA55-9740-4176-9D69-3321F8878405}.Debug|Any CPU.Build.0 = Debug|Any CPU
		{39BCDA55-9740-4176-9D69-3321F8878405}.Release|Any CPU.ActiveCfg = Release|Any CPU
		{39BCDA55-9740-4176-9D69-3321F8878405}.Release|Any CPU.Build.0 = Release|Any CPU
		{7B49ABDB-BF47-442E-8BA3-A80D245E1E8A}.Debug|Any CPU.ActiveCfg = Debug|Any CPU
		{7B49ABDB-BF47-442E-8BA3-A80D245E1E8A}.Debug|Any CPU.Build.0 = Debug|Any CPU
		{7B49ABDB-BF47-442E-8BA3-A80D245E1E8A}.Release|Any CPU.ActiveCfg = Release|Any CPU
		{7B49ABDB-BF47-442E-8BA3-A80D245E1E8A}.Release|Any CPU.Build.0 = Release|Any CPU
		{7C94AB31-F90E-4177-B60C-FBB15629038E}.Debug|Any CPU.ActiveCfg = Debug|Any CPU
		{7C94AB31-F90E-4177-B60C-FBB15629038E}.Debug|Any CPU.Build.0 = Debug|Any CPU
		{7C94AB31-F90E-4177-B60C-FBB15629038E}.Release|Any CPU.ActiveCfg = Release|Any CPU
		{7C94AB31-F90E-4177-B60C-FBB15629038E}.Release|Any CPU.Build.0 = Release|Any CPU
		{EA6DA612-856B-40E8-862C-6ABE9EB50F05}.Debug|Any CPU.ActiveCfg = Debug|Any CPU
		{EA6DA612-856B-40E8-862C-6ABE9EB50F05}.Debug|Any CPU.Build.0 = Debug|Any CPU
		{EA6DA612-856B-40E8-862C-6ABE9EB50F05}.Release|Any CPU.ActiveCfg = Release|Any CPU
		{EA6DA612-856B-40E8-862C-6ABE9EB50F05}.Release|Any CPU.Build.0 = Release|Any CPU
		{732E6B3F-764D-4350-A78E-78B05860E514}.Debug|Any CPU.ActiveCfg = Debug|Any CPU
		{732E6B3F-764D-4350-A78E-78B05860E514}.Debug|Any CPU.Build.0 = Debug|Any CPU
		{732E6B3F-764D-4350-A78E-78B05860E514}.Release|Any CPU.ActiveCfg = Release|Any CPU
		{732E6B3F-764D-4350-A78E-78B05860E514}.Release|Any CPU.Build.0 = Release|Any CPU
		{5C68DE5E-9CF7-4C3E-A574-401F9C75D0EF}.Debug|Any CPU.ActiveCfg = Debug|Any CPU
		{5C68DE5E-9CF7-4C3E-A574-401F9C75D0EF}.Debug|Any CPU.Build.0 = Debug|Any CPU
		{5C68DE5E-9CF7-4C3E-A574-401F9C75D0EF}.Release|Any CPU.ActiveCfg = Release|Any CPU
		{5C68DE5E-9CF7-4C3E-A574-401F9C75D0EF}.Release|Any CPU.Build.0 = Release|Any CPU
		{FF033336-933E-46EF-8DF4-EE2A413FAFAC}.Debug|Any CPU.ActiveCfg = Debug|Any CPU
		{FF033336-933E-46EF-8DF4-EE2A413FAFAC}.Debug|Any CPU.Build.0 = Debug|Any CPU
		{FF033336-933E-46EF-8DF4-EE2A413FAFAC}.Release|Any CPU.ActiveCfg = Release|Any CPU
		{FF033336-933E-46EF-8DF4-EE2A413FAFAC}.Release|Any CPU.Build.0 = Release|Any CPU
		{9AAECF11-DF01-4347-AF85-A6C1A4B3FB81}.Debug|Any CPU.ActiveCfg = Debug|Any CPU
		{9AAECF11-DF01-4347-AF85-A6C1A4B3FB81}.Debug|Any CPU.Build.0 = Debug|Any CPU
		{9AAECF11-DF01-4347-AF85-A6C1A4B3FB81}.Release|Any CPU.ActiveCfg = Release|Any CPU
		{9AAECF11-DF01-4347-AF85-A6C1A4B3FB81}.Release|Any CPU.Build.0 = Release|Any CPU
		{63C7CA45-C7DF-4C2A-92E2-2BF153D8AAB3}.Debug|Any CPU.ActiveCfg = Debug|Any CPU
		{63C7CA45-C7DF-4C2A-92E2-2BF153D8AAB3}.Debug|Any CPU.Build.0 = Debug|Any CPU
		{63C7CA45-C7DF-4C2A-92E2-2BF153D8AAB3}.Release|Any CPU.ActiveCfg = Release|Any CPU
		{63C7CA45-C7DF-4C2A-92E2-2BF153D8AAB3}.Release|Any CPU.Build.0 = Release|Any CPU
		{CB439696-CDA6-4D1D-83CE-75418CB147F8}.Debug|Any CPU.ActiveCfg = Debug|Any CPU
		{CB439696-CDA6-4D1D-83CE-75418CB147F8}.Debug|Any CPU.Build.0 = Debug|Any CPU
		{CB439696-CDA6-4D1D-83CE-75418CB147F8}.Release|Any CPU.ActiveCfg = Release|Any CPU
		{CB439696-CDA6-4D1D-83CE-75418CB147F8}.Release|Any CPU.Build.0 = Release|Any CPU
		{3780839E-64DF-4486-9D64-A5E8C56C68EA}.Debug|Any CPU.ActiveCfg = Debug|Any CPU
		{3780839E-64DF-4486-9D64-A5E8C56C68EA}.Debug|Any CPU.Build.0 = Debug|Any CPU
		{3780839E-64DF-4486-9D64-A5E8C56C68EA}.Release|Any CPU.ActiveCfg = Release|Any CPU
		{3780839E-64DF-4486-9D64-A5E8C56C68EA}.Release|Any CPU.Build.0 = Release|Any CPU
		{7634BAB7-EB84-475D-B3D9-3D6257D3E846}.Debug|Any CPU.ActiveCfg = Debug|Any CPU
		{7634BAB7-EB84-475D-B3D9-3D6257D3E846}.Debug|Any CPU.Build.0 = Debug|Any CPU
		{7634BAB7-EB84-475D-B3D9-3D6257D3E846}.Release|Any CPU.ActiveCfg = Release|Any CPU
		{7634BAB7-EB84-475D-B3D9-3D6257D3E846}.Release|Any CPU.Build.0 = Release|Any CPU
		{70FEFDDD-6641-4886-B6E3-9B8E4F839614}.Debug|Any CPU.ActiveCfg = Debug|Any CPU
		{70FEFDDD-6641-4886-B6E3-9B8E4F839614}.Debug|Any CPU.Build.0 = Debug|Any CPU
		{70FEFDDD-6641-4886-B6E3-9B8E4F839614}.Release|Any CPU.ActiveCfg = Release|Any CPU
		{70FEFDDD-6641-4886-B6E3-9B8E4F839614}.Release|Any CPU.Build.0 = Release|Any CPU
		{971B3E99-F0EC-4A14-B460-2FEC19228EB3}.Debug|Any CPU.ActiveCfg = Debug|Any CPU
		{971B3E99-F0EC-4A14-B460-2FEC19228EB3}.Debug|Any CPU.Build.0 = Debug|Any CPU
		{971B3E99-F0EC-4A14-B460-2FEC19228EB3}.Release|Any CPU.ActiveCfg = Release|Any CPU
		{971B3E99-F0EC-4A14-B460-2FEC19228EB3}.Release|Any CPU.Build.0 = Release|Any CPU
	EndGlobalSection
	GlobalSection(SolutionProperties) = preSolution
		HideSolutionNode = FALSE
	EndGlobalSection
	GlobalSection(NestedProjects) = preSolution
		{EA34E5E4-E048-49C7-8851-A64DBDCDA221} = {B575531D-1FB3-4E01-A2D0-AB883690E28B}
		{EACB12AA-1244-4994-BC42-0930B20C561E} = {26A35F8B-3620-4F7C-AED7-EE3DF37172B7}
		{817571F7-F2D1-46E4-A59E-B4F175361A29} = {EACB12AA-1244-4994-BC42-0930B20C561E}
		{DBCA3534-EEED-45F9-8297-4D9F99595828} = {EACB12AA-1244-4994-BC42-0930B20C561E}
		{B62596E6-74B3-45D5-90FE-D6733088EA57} = {26A35F8B-3620-4F7C-AED7-EE3DF37172B7}
		{C1E13094-EA97-462A-A247-ED03D3605D5D} = {26A35F8B-3620-4F7C-AED7-EE3DF37172B7}
		{EB444917-CA7B-4116-A941-F4820DA1842E} = {817571F7-F2D1-46E4-A59E-B4F175361A29}
		{E9FEE041-5318-4C3B-BAE7-36AB4F0A11ED} = {DBCA3534-EEED-45F9-8297-4D9F99595828}
		{39BCDA55-9740-4176-9D69-3321F8878405} = {DBCA3534-EEED-45F9-8297-4D9F99595828}
		{7B49ABDB-BF47-442E-8BA3-A80D245E1E8A} = {DBCA3534-EEED-45F9-8297-4D9F99595828}
		{7C94AB31-F90E-4177-B60C-FBB15629038E} = {C1E13094-EA97-462A-A247-ED03D3605D5D}
		{EA6DA612-856B-40E8-862C-6ABE9EB50F05} = {B62596E6-74B3-45D5-90FE-D6733088EA57}
		{732E6B3F-764D-4350-A78E-78B05860E514} = {26A35F8B-3620-4F7C-AED7-EE3DF37172B7}
		{CCE53ED0-F331-4224-8FF8-3A7843A96508} = {26A35F8B-3620-4F7C-AED7-EE3DF37172B7}
		{5C68DE5E-9CF7-4C3E-A574-401F9C75D0EF} = {CCE53ED0-F331-4224-8FF8-3A7843A96508}
		{FF033336-933E-46EF-8DF4-EE2A413FAFAC} = {DBCA3534-EEED-45F9-8297-4D9F99595828}
		{9AAECF11-DF01-4347-AF85-A6C1A4B3FB81} = {F494E3AA-D551-4DC1-AD2B-D8152FD7248F}
		{63C7CA45-C7DF-4C2A-92E2-2BF153D8AAB3} = {F494E3AA-D551-4DC1-AD2B-D8152FD7248F}
		{CB439696-CDA6-4D1D-83CE-75418CB147F8} = {F494E3AA-D551-4DC1-AD2B-D8152FD7248F}
		{3780839E-64DF-4486-9D64-A5E8C56C68EA} = {F494E3AA-D551-4DC1-AD2B-D8152FD7248F}
		{44BED141-79D1-4E87-9383-05188378AA04} = {EACB12AA-1244-4994-BC42-0930B20C561E}
		{7634BAB7-EB84-475D-B3D9-3D6257D3E846} = {44BED141-79D1-4E87-9383-05188378AA04}
		{70FEFDDD-6641-4886-B6E3-9B8E4F839614} = {CCE53ED0-F331-4224-8FF8-3A7843A96508}
		{971B3E99-F0EC-4A14-B460-2FEC19228EB3} = {F494E3AA-D551-4DC1-AD2B-D8152FD7248F}
	EndGlobalSection
	GlobalSection(ExtensibilityGlobals) = postSolution
		SolutionGuid = {55A343D8-2356-4679-B366-9AA716570392}
	EndGlobalSection
EndGlobal
