
Microsoft Visual Studio Solution File, Format Version 12.00
# Visual Studio Version 17
VisualStudioVersion = 17.4.33213.308
MinimumVisualStudioVersion = 10.0.40219.1
Project("{2150E333-8FDC-42A3-9474-1A3956D46DE8}") = "src", "src", "{26A35F8B-3620-4F7C-AED7-EE3DF37172B7}"
EndProject
Project("{2150E333-8FDC-42A3-9474-1A3956D46DE8}") = "tests", "tests", "{B575531D-1FB3-4E01-A2D0-AB883690E28B}"
EndProject
Project("{9A19103F-16F7-4668-BE54-9A1E7A4F7556}") = "Bank.Account.API", "src\API\Bank.Account.API.csproj", "{1686470E-FDD7-421F-9EFA-F0B59D72A16F}"
EndProject
Project("{9A19103F-16F7-4668-BE54-9A1E7A4F7556}") = "BankAccount.AcceptaceTests", "AcceptanceTests\BankAccount.AcceptaceTests.csproj", "{EA34E5E4-E048-49C7-8851-A64DBDCDA221}"
EndProject
Global
	GlobalSection(SolutionConfigurationPlatforms) = preSolution
		Debug|Any CPU = Debug|Any CPU
		Release|Any CPU = Release|Any CPU
	EndGlobalSection
	GlobalSection(ProjectConfigurationPlatforms) = postSolution
		{1686470E-FDD7-421F-9EFA-F0B59D72A16F}.Debug|Any CPU.ActiveCfg = Debug|Any CPU
		{1686470E-FDD7-421F-9EFA-F0B59D72A16F}.Debug|Any CPU.Build.0 = Debug|Any CPU
		{1686470E-FDD7-421F-9EFA-F0B59D72A16F}.Release|Any CPU.ActiveCfg = Release|Any CPU
		{1686470E-FDD7-421F-9EFA-F0B59D72A16F}.Release|Any CPU.Build.0 = Release|Any CPU
		{EA34E5E4-E048-49C7-8851-A64DBDCDA221}.Debug|Any CPU.ActiveCfg = Debug|Any CPU
		{EA34E5E4-E048-49C7-8851-A64DBDCDA221}.Debug|Any CPU.Build.0 = Debug|Any CPU
		{EA34E5E4-E048-49C7-8851-A64DBDCDA221}.Release|Any CPU.ActiveCfg = Release|Any CPU
		{EA34E5E4-E048-49C7-8851-A64DBDCDA221}.Release|Any CPU.Build.0 = Release|Any CPU
	EndGlobalSection
	GlobalSection(SolutionProperties) = preSolution
		HideSolutionNode = FALSE
	EndGlobalSection
	GlobalSection(NestedProjects) = preSolution
		{1686470E-FDD7-421F-9EFA-F0B59D72A16F} = {26A35F8B-3620-4F7C-AED7-EE3DF37172B7}
		{EA34E5E4-E048-49C7-8851-A64DBDCDA221} = {B575531D-1FB3-4E01-A2D0-AB883690E28B}
	EndGlobalSection
	GlobalSection(ExtensibilityGlobals) = postSolution
		SolutionGuid = {55A343D8-2356-4679-B366-9AA716570392}
	EndGlobalSection
EndGlobal
