
Microsoft Visual Studio Solution File, Format Version 12.00
# Visual Studio Version 17
VisualStudioVersion = 17.4.33213.308
MinimumVisualStudioVersion = 10.0.40219.1
Project("{9A19103F-16F7-4668-BE54-9A1E7A4F7556}") = "CodeKata.TDD", "UnitTests\CodeKata.TDD.csproj", "{DEC1B267-7F8D-4449-A2CF-241A5E694563}"
EndProject
Project("{9A19103F-16F7-4668-BE54-9A1E7A4F7556}") = "CodeKata.TDD.Domain", "Domain\CodeKata.TDD.Domain.csproj", "{FF159068-0EA5-4FD0-8F1F-828A33343A57}"
EndProject
Global
	GlobalSection(SolutionConfigurationPlatforms) = preSolution
		Debug|Any CPU = Debug|Any CPU
		Release|Any CPU = Release|Any CPU
	EndGlobalSection
	GlobalSection(ProjectConfigurationPlatforms) = postSolution
		{DEC1B267-7F8D-4449-A2CF-241A5E694563}.Debug|Any CPU.ActiveCfg = Debug|Any CPU
		{DEC1B267-7F8D-4449-A2CF-241A5E694563}.Debug|Any CPU.Build.0 = Debug|Any CPU
		{DEC1B267-7F8D-4449-A2CF-241A5E694563}.Release|Any CPU.ActiveCfg = Release|Any CPU
		{DEC1B267-7F8D-4449-A2CF-241A5E694563}.Release|Any CPU.Build.0 = Release|Any CPU
		{FF159068-0EA5-4FD0-8F1F-828A33343A57}.Debug|Any CPU.ActiveCfg = Debug|Any CPU
		{FF159068-0EA5-4FD0-8F1F-828A33343A57}.Debug|Any CPU.Build.0 = Debug|Any CPU
		{FF159068-0EA5-4FD0-8F1F-828A33343A57}.Release|Any CPU.ActiveCfg = Release|Any CPU
		{FF159068-0EA5-4FD0-8F1F-828A33343A57}.Release|Any CPU.Build.0 = Release|Any CPU
	EndGlobalSection
	GlobalSection(SolutionProperties) = preSolution
		HideSolutionNode = FALSE
	EndGlobalSection
	GlobalSection(ExtensibilityGlobals) = postSolution
		SolutionGuid = {6069EB56-CCC4-471D-9574-D80015CAE5D7}
	EndGlobalSection
EndGlobal
